
Microsoft Visual Studio Solution File, Format Version 12.00
# Visual Studio Version 17
VisualStudioVersion = 17.0.31903.59
MinimumVisualStudioVersion = 10.0.40219.1
Project("{2150E333-8FDC-42A3-9474-1A3956D46DE8}") = "src", "src", "{5D1C184E-95E2-43F1-867B-9CB6447967B0}"
EndProject
Project("{2150E333-8FDC-42A3-9474-1A3956D46DE8}") = "L0gg3r", "L0gg3r", "{5351FFEF-907B-4F78-9A0C-A1A75A26B003}"
EndProject
Project("{FAE04EC0-301F-11D3-BF4B-00C04F79EFBC}") = "L0gg3r", "src\L0gg3r\src\L0gg3r.csproj", "{054A267B-3479-460F-8702-B0A56BEE1FD9}"
EndProject
Project("{2150E333-8FDC-42A3-9474-1A3956D46DE8}") = "L0gg3r.Base", "L0gg3r.Base", "{BCA307E0-8823-493D-8308-111028EF2A78}"
EndProject
Project("{FAE04EC0-301F-11D3-BF4B-00C04F79EFBC}") = "L0gg3r.Base", "src\L0gg3r.Base\src\L0gg3r.Base.csproj", "{AB7A2F4F-4018-43C8-9498-65F9C43011DA}"
EndProject
Project("{2150E333-8FDC-42A3-9474-1A3956D46DE8}") = "L0gg3r.LogSinks.Base", "L0gg3r.LogSinks.Base", "{1360BD2A-5F94-48CC-ADA8-1F433FD224F3}"
EndProject
Project("{FAE04EC0-301F-11D3-BF4B-00C04F79EFBC}") = "L0gg3r.LogSinks.Base", "src\L0gg3r.LogSinks.Base\src\L0gg3r.LogSinks.Base.csproj", "{09BFA43D-688B-4AF1-8B98-34086472430F}"
EndProject
Project("{2150E333-8FDC-42A3-9474-1A3956D46DE8}") = "L0gg3r.LogSinks.Console.Base", "L0gg3r.LogSinks.Console.Base", "{2F75E5B4-0778-438A-B98B-5308D801D011}"
EndProject
Project("{FAE04EC0-301F-11D3-BF4B-00C04F79EFBC}") = "L0gg3r.LogSinks.Console.Base", "src\L0gg3r.LogSinks.Console.Base\src\L0gg3r.LogSinks.Console.Base.csproj", "{02612309-6945-47EF-B569-D12F529D5390}"
EndProject
Project("{2150E333-8FDC-42A3-9474-1A3956D46DE8}") = "L0gg3r.LogSinks.Console.SmartConsoleLogSink", "L0gg3r.LogSinks.Console.SmartConsoleLogSink", "{8DB4A4AC-AE9C-4108-B344-16A2FF5A1B7B}"
EndProject
Project("{FAE04EC0-301F-11D3-BF4B-00C04F79EFBC}") = "L0gg3r.LogSinks.Console.SmartConsoleLogSink", "src\L0gg3r.LogSinks.Console.SmartConsoleLogSink\src\L0gg3r.LogSinks.Console.SmartConsoleLogSink.csproj", "{749138B8-82E9-407D-BCE1-B4FD06088AC9}"
EndProject
Project("{2150E333-8FDC-42A3-9474-1A3956D46DE8}") = "L0gg3r.Builder", "L0gg3r.Builder", "{309A85FD-D994-4978-BC95-2A7404228D5F}"
EndProject
Project("{FAE04EC0-301F-11D3-BF4B-00C04F79EFBC}") = "L0gg3r.Builder", "src\L0gg3r.Builder\src\L0gg3r.Builder.csproj", "{AF458E19-46FB-4D81-BA1C-3F300072C9D1}"
EndProject
Project("{2150E333-8FDC-42A3-9474-1A3956D46DE8}") = "L0gg3r.Extensions.Hosting", "L0gg3r.Extensions.Hosting", "{89176194-D736-481D-9920-8CB700C6F750}"
EndProject
Project("{FAE04EC0-301F-11D3-BF4B-00C04F79EFBC}") = "L0gg3r.Extensions.Hosting", "src\L0gg3r.Extensions.Hosting\src\L0gg3r.Extensions.Hosting.csproj", "{3D4A0551-F7E6-4022-9017-62B8BA626E69}"
EndProject
Project("{9A19103F-16F7-4668-BE54-9A1E7A4F7556}") = "build", "build\build.csproj", "{341A0471-BB3E-43F5-BCDF-A8C51C5A73EF}"
EndProject
Global
	GlobalSection(SolutionConfigurationPlatforms) = preSolution
		Debug|Any CPU = Debug|Any CPU
		Release|Any CPU = Release|Any CPU
	EndGlobalSection
	GlobalSection(ProjectConfigurationPlatforms) = postSolution
		{341A0471-BB3E-43F5-BCDF-A8C51C5A73EF}.Debug|Any CPU.ActiveCfg = Debug|Any CPU
		{341A0471-BB3E-43F5-BCDF-A8C51C5A73EF}.Release|Any CPU.ActiveCfg = Release|Any CPU
		{054A267B-3479-460F-8702-B0A56BEE1FD9}.Debug|Any CPU.ActiveCfg = Debug|Any CPU
		{054A267B-3479-460F-8702-B0A56BEE1FD9}.Debug|Any CPU.Build.0 = Debug|Any CPU
		{054A267B-3479-460F-8702-B0A56BEE1FD9}.Release|Any CPU.ActiveCfg = Release|Any CPU
		{054A267B-3479-460F-8702-B0A56BEE1FD9}.Release|Any CPU.Build.0 = Release|Any CPU
		{AB7A2F4F-4018-43C8-9498-65F9C43011DA}.Debug|Any CPU.ActiveCfg = Debug|Any CPU
		{AB7A2F4F-4018-43C8-9498-65F9C43011DA}.Debug|Any CPU.Build.0 = Debug|Any CPU
		{AB7A2F4F-4018-43C8-9498-65F9C43011DA}.Release|Any CPU.ActiveCfg = Release|Any CPU
		{AB7A2F4F-4018-43C8-9498-65F9C43011DA}.Release|Any CPU.Build.0 = Release|Any CPU
		{09BFA43D-688B-4AF1-8B98-34086472430F}.Debug|Any CPU.ActiveCfg = Debug|Any CPU
		{09BFA43D-688B-4AF1-8B98-34086472430F}.Debug|Any CPU.Build.0 = Debug|Any CPU
		{09BFA43D-688B-4AF1-8B98-34086472430F}.Release|Any CPU.ActiveCfg = Release|Any CPU
		{09BFA43D-688B-4AF1-8B98-34086472430F}.Release|Any CPU.Build.0 = Release|Any CPU
		{02612309-6945-47EF-B569-D12F529D5390}.Debug|Any CPU.ActiveCfg = Debug|Any CPU
		{02612309-6945-47EF-B569-D12F529D5390}.Debug|Any CPU.Build.0 = Debug|Any CPU
		{02612309-6945-47EF-B569-D12F529D5390}.Release|Any CPU.ActiveCfg = Release|Any CPU
		{02612309-6945-47EF-B569-D12F529D5390}.Release|Any CPU.Build.0 = Release|Any CPU
		{749138B8-82E9-407D-BCE1-B4FD06088AC9}.Debug|Any CPU.ActiveCfg = Debug|Any CPU
		{749138B8-82E9-407D-BCE1-B4FD06088AC9}.Debug|Any CPU.Build.0 = Debug|Any CPU
		{749138B8-82E9-407D-BCE1-B4FD06088AC9}.Release|Any CPU.ActiveCfg = Release|Any CPU
		{749138B8-82E9-407D-BCE1-B4FD06088AC9}.Release|Any CPU.Build.0 = Release|Any CPU
		{AF458E19-46FB-4D81-BA1C-3F300072C9D1}.Debug|Any CPU.ActiveCfg = Debug|Any CPU
		{AF458E19-46FB-4D81-BA1C-3F300072C9D1}.Debug|Any CPU.Build.0 = Debug|Any CPU
		{AF458E19-46FB-4D81-BA1C-3F300072C9D1}.Release|Any CPU.ActiveCfg = Release|Any CPU
		{AF458E19-46FB-4D81-BA1C-3F300072C9D1}.Release|Any CPU.Build.0 = Release|Any CPU
		{3D4A0551-F7E6-4022-9017-62B8BA626E69}.Debug|Any CPU.ActiveCfg = Debug|Any CPU
		{3D4A0551-F7E6-4022-9017-62B8BA626E69}.Debug|Any CPU.Build.0 = Debug|Any CPU
		{3D4A0551-F7E6-4022-9017-62B8BA626E69}.Release|Any CPU.ActiveCfg = Release|Any CPU
		{3D4A0551-F7E6-4022-9017-62B8BA626E69}.Release|Any CPU.Build.0 = Release|Any CPU
	EndGlobalSection
	GlobalSection(SolutionProperties) = preSolution
		HideSolutionNode = FALSE
	EndGlobalSection
	GlobalSection(NestedProjects) = preSolution
		{5351FFEF-907B-4F78-9A0C-A1A75A26B003} = {5D1C184E-95E2-43F1-867B-9CB6447967B0}
		{054A267B-3479-460F-8702-B0A56BEE1FD9} = {5351FFEF-907B-4F78-9A0C-A1A75A26B003}
		{BCA307E0-8823-493D-8308-111028EF2A78} = {5D1C184E-95E2-43F1-867B-9CB6447967B0}
		{AB7A2F4F-4018-43C8-9498-65F9C43011DA} = {BCA307E0-8823-493D-8308-111028EF2A78}
		{1360BD2A-5F94-48CC-ADA8-1F433FD224F3} = {5D1C184E-95E2-43F1-867B-9CB6447967B0}
		{09BFA43D-688B-4AF1-8B98-34086472430F} = {1360BD2A-5F94-48CC-ADA8-1F433FD224F3}
		{2F75E5B4-0778-438A-B98B-5308D801D011} = {5D1C184E-95E2-43F1-867B-9CB6447967B0}
		{02612309-6945-47EF-B569-D12F529D5390} = {2F75E5B4-0778-438A-B98B-5308D801D011}
		{8DB4A4AC-AE9C-4108-B344-16A2FF5A1B7B} = {5D1C184E-95E2-43F1-867B-9CB6447967B0}
		{749138B8-82E9-407D-BCE1-B4FD06088AC9} = {8DB4A4AC-AE9C-4108-B344-16A2FF5A1B7B}
		{309A85FD-D994-4978-BC95-2A7404228D5F} = {5D1C184E-95E2-43F1-867B-9CB6447967B0}
		{AF458E19-46FB-4D81-BA1C-3F300072C9D1} = {309A85FD-D994-4978-BC95-2A7404228D5F}
		{89176194-D736-481D-9920-8CB700C6F750} = {5D1C184E-95E2-43F1-867B-9CB6447967B0}
		{3D4A0551-F7E6-4022-9017-62B8BA626E69} = {89176194-D736-481D-9920-8CB700C6F750}
	EndGlobalSection
EndGlobal
